
Microsoft Visual Studio Solution File, Format Version 12.00
# Visual Studio 15
VisualStudioVersion = 15.0.26228.9
MinimumVisualStudioVersion = 10.0.40219.1
Project("{2150E333-8FDC-42A3-9474-1A3956D46DE8}") = "Infrastructure", "Infrastructure", "{5BED5C02-2547-49E7-BE9B-07314D4E9B41}"
EndProject
Project("{2150E333-8FDC-42A3-9474-1A3956D46DE8}") = "Repository", "Repository", "{9E35BAC0-7643-4A0C-BF63-F0773FCF7FE3}"
EndProject
Project("{2150E333-8FDC-42A3-9474-1A3956D46DE8}") = "Service", "Service", "{35F548B9-DE48-496B-A7E3-C9FBFEC7DF5F}"
EndProject
Project("{2150E333-8FDC-42A3-9474-1A3956D46DE8}") = "UI", "UI", "{B4A9FAE4-CBEA-4B40-AAE0-E213F792958A}"
EndProject
Project("{2150E333-8FDC-42A3-9474-1A3956D46DE8}") = "A_Library", "A_Library", "{9851E8E8-05BA-4521-9F90-923B223B9489}"
	ProjectSection(SolutionItems) = preProject
		A_Library\System.ValueTuple.dll = A_Library\System.ValueTuple.dll
	EndProjectSection
EndProject
Project("{FAE04EC0-301F-11D3-BF4B-00C04F79EFBC}") = "Common", "Common\Common.csproj", "{627471C0-6347-4326-8C36-806302D0424C}"
EndProject
Project("{FAE04EC0-301F-11D3-BF4B-00C04F79EFBC}") = "Ioc", "Ioc\Ioc.csproj", "{5C1559A5-D620-40ED-BA2D-C404FF89DDB1}"
EndProject
Project("{FAE04EC0-301F-11D3-BF4B-00C04F79EFBC}") = "Model", "Model\Model.csproj", "{8D616611-7A77-47AC-803A-5F0193FE2791}"
EndProject
Project("{FAE04EC0-301F-11D3-BF4B-00C04F79EFBC}") = "DAL", "DAL\DAL.csproj", "{9F511540-4288-4EE7-9622-989195E26566}"
EndProject
Project("{FAE04EC0-301F-11D3-BF4B-00C04F79EFBC}") = "IDAL", "IDAL\IDAL.csproj", "{35BD1593-8E0A-4A62-91A1-0FB0F1F85E39}"
EndProject
Project("{FAE04EC0-301F-11D3-BF4B-00C04F79EFBC}") = "IBLL", "IBLL\IBLL.csproj", "{24752AD1-C561-4BF4-91C9-47B8593C4B65}"
EndProject
Project("{FAE04EC0-301F-11D3-BF4B-00C04F79EFBC}") = "BLL", "BLL\BLL.csproj", "{BDF968D6-259E-49C1-A7A8-A9A5607894FB}"
EndProject
Project("{FAE04EC0-301F-11D3-BF4B-00C04F79EFBC}") = "WebApplication1", "WebApplication1\WebApplication1.csproj", "{496BE28D-5F34-416F-A971-8256F6C846FE}"
EndProject
Project("{FAE04EC0-301F-11D3-BF4B-00C04F79EFBC}") = "ConsoleApp1", "ConsoleApp1\ConsoleApp1.csproj", "{3D30BB1B-C650-4380-B1EA-AB7ACACEBD92}"
EndProject
Global
	GlobalSection(SolutionConfigurationPlatforms) = preSolution
		Debug|Any CPU = Debug|Any CPU
		Release|Any CPU = Release|Any CPU
	EndGlobalSection
	GlobalSection(ProjectConfigurationPlatforms) = postSolution
		{627471C0-6347-4326-8C36-806302D0424C}.Debug|Any CPU.ActiveCfg = Debug|Any CPU
		{627471C0-6347-4326-8C36-806302D0424C}.Debug|Any CPU.Build.0 = Debug|Any CPU
		{627471C0-6347-4326-8C36-806302D0424C}.Release|Any CPU.ActiveCfg = Release|Any CPU
		{627471C0-6347-4326-8C36-806302D0424C}.Release|Any CPU.Build.0 = Release|Any CPU
		{5C1559A5-D620-40ED-BA2D-C404FF89DDB1}.Debug|Any CPU.ActiveCfg = Debug|Any CPU
		{5C1559A5-D620-40ED-BA2D-C404FF89DDB1}.Debug|Any CPU.Build.0 = Debug|Any CPU
		{5C1559A5-D620-40ED-BA2D-C404FF89DDB1}.Release|Any CPU.ActiveCfg = Release|Any CPU
		{5C1559A5-D620-40ED-BA2D-C404FF89DDB1}.Release|Any CPU.Build.0 = Release|Any CPU
		{8D616611-7A77-47AC-803A-5F0193FE2791}.Debug|Any CPU.ActiveCfg = Debug|Any CPU
		{8D616611-7A77-47AC-803A-5F0193FE2791}.Debug|Any CPU.Build.0 = Debug|Any CPU
		{8D616611-7A77-47AC-803A-5F0193FE2791}.Release|Any CPU.ActiveCfg = Release|Any CPU
		{8D616611-7A77-47AC-803A-5F0193FE2791}.Release|Any CPU.Build.0 = Release|Any CPU
		{9F511540-4288-4EE7-9622-989195E26566}.Debug|Any CPU.ActiveCfg = Debug|Any CPU
		{9F511540-4288-4EE7-9622-989195E26566}.Debug|Any CPU.Build.0 = Debug|Any CPU
		{9F511540-4288-4EE7-9622-989195E26566}.Release|Any CPU.ActiveCfg = Release|Any CPU
		{9F511540-4288-4EE7-9622-989195E26566}.Release|Any CPU.Build.0 = Release|Any CPU
		{35BD1593-8E0A-4A62-91A1-0FB0F1F85E39}.Debug|Any CPU.ActiveCfg = Debug|Any CPU
		{35BD1593-8E0A-4A62-91A1-0FB0F1F85E39}.Debug|Any CPU.Build.0 = Debug|Any CPU
		{35BD1593-8E0A-4A62-91A1-0FB0F1F85E39}.Release|Any CPU.ActiveCfg = Release|Any CPU
		{35BD1593-8E0A-4A62-91A1-0FB0F1F85E39}.Release|Any CPU.Build.0 = Release|Any CPU
		{24752AD1-C561-4BF4-91C9-47B8593C4B65}.Debug|Any CPU.ActiveCfg = Debug|Any CPU
		{24752AD1-C561-4BF4-91C9-47B8593C4B65}.Debug|Any CPU.Build.0 = Debug|Any CPU
		{24752AD1-C561-4BF4-91C9-47B8593C4B65}.Release|Any CPU.ActiveCfg = Release|Any CPU
		{24752AD1-C561-4BF4-91C9-47B8593C4B65}.Release|Any CPU.Build.0 = Release|Any CPU
		{BDF968D6-259E-49C1-A7A8-A9A5607894FB}.Debug|Any CPU.ActiveCfg = Debug|Any CPU
		{BDF968D6-259E-49C1-A7A8-A9A5607894FB}.Debug|Any CPU.Build.0 = Debug|Any CPU
		{BDF968D6-259E-49C1-A7A8-A9A5607894FB}.Release|Any CPU.ActiveCfg = Release|Any CPU
		{BDF968D6-259E-49C1-A7A8-A9A5607894FB}.Release|Any CPU.Build.0 = Release|Any CPU
		{496BE28D-5F34-416F-A971-8256F6C846FE}.Debug|Any CPU.ActiveCfg = Debug|Any CPU
		{496BE28D-5F34-416F-A971-8256F6C846FE}.Debug|Any CPU.Build.0 = Debug|Any CPU
		{496BE28D-5F34-416F-A971-8256F6C846FE}.Release|Any CPU.ActiveCfg = Release|Any CPU
		{496BE28D-5F34-416F-A971-8256F6C846FE}.Release|Any CPU.Build.0 = Release|Any CPU
		{3D30BB1B-C650-4380-B1EA-AB7ACACEBD92}.Debug|Any CPU.ActiveCfg = Debug|Any CPU
		{3D30BB1B-C650-4380-B1EA-AB7ACACEBD92}.Debug|Any CPU.Build.0 = Debug|Any CPU
		{3D30BB1B-C650-4380-B1EA-AB7ACACEBD92}.Release|Any CPU.ActiveCfg = Release|Any CPU
		{3D30BB1B-C650-4380-B1EA-AB7ACACEBD92}.Release|Any CPU.Build.0 = Release|Any CPU
	EndGlobalSection
	GlobalSection(SolutionProperties) = preSolution
		HideSolutionNode = FALSE
	EndGlobalSection
	GlobalSection(NestedProjects) = preSolution
		{627471C0-6347-4326-8C36-806302D0424C} = {5BED5C02-2547-49E7-BE9B-07314D4E9B41}
		{5C1559A5-D620-40ED-BA2D-C404FF89DDB1} = {5BED5C02-2547-49E7-BE9B-07314D4E9B41}
		{8D616611-7A77-47AC-803A-5F0193FE2791} = {5BED5C02-2547-49E7-BE9B-07314D4E9B41}
		{9F511540-4288-4EE7-9622-989195E26566} = {9E35BAC0-7643-4A0C-BF63-F0773FCF7FE3}
		{35BD1593-8E0A-4A62-91A1-0FB0F1F85E39} = {9E35BAC0-7643-4A0C-BF63-F0773FCF7FE3}
		{24752AD1-C561-4BF4-91C9-47B8593C4B65} = {35F548B9-DE48-496B-A7E3-C9FBFEC7DF5F}
		{BDF968D6-259E-49C1-A7A8-A9A5607894FB} = {35F548B9-DE48-496B-A7E3-C9FBFEC7DF5F}
	EndGlobalSection
EndGlobal
