
Microsoft Visual Studio Solution File, Format Version 12.00
# Visual Studio 15
VisualStudioVersion = 15.0.26430.6
MinimumVisualStudioVersion = 10.0.40219.1
Project("{FAE04EC0-301F-11D3-BF4B-00C04F79EFBC}") = "MobileSmw", "MobileSmw\MobileSmw.csproj", "{4E3F62C0-9E20-4BF7-AC91-84105B887693}"
EndProject
Project("{2150E333-8FDC-42A3-9474-1A3956D46DE8}") = "Infrastructure", "Infrastructure", "{CC01F340-DFFF-47EF-A35B-B198DBF93B85}"
EndProject
Project("{2150E333-8FDC-42A3-9474-1A3956D46DE8}") = "Repository", "Repository", "{C90B9B22-8C8E-4074-B0D1-D69F238A77F6}"
EndProject
Project("{2150E333-8FDC-42A3-9474-1A3956D46DE8}") = "Service", "Service", "{B10801F7-B630-44BF-9F0F-60B8632E9A0B}"
EndProject
Project("{FAE04EC0-301F-11D3-BF4B-00C04F79EFBC}") = "Common", "Common\Common.csproj", "{BCE0568C-8BBD-4E86-8452-3D773178F977}"
EndProject
Project("{FAE04EC0-301F-11D3-BF4B-00C04F79EFBC}") = "IOC", "IOC\IOC.csproj", "{691D0575-CED7-4E18-8BE3-8079CF47FB78}"
EndProject
Project("{FAE04EC0-301F-11D3-BF4B-00C04F79EFBC}") = "Model", "Model\Model.csproj", "{2AD66CB1-436A-4636-8257-92F1AFDBC0C0}"
EndProject
Project("{FAE04EC0-301F-11D3-BF4B-00C04F79EFBC}") = "BLL", "BLL\BLL.csproj", "{554ADEB0-C168-493F-B20B-3E039C908D49}"
EndProject
Project("{FAE04EC0-301F-11D3-BF4B-00C04F79EFBC}") = "IBLL", "IBLL\IBLL.csproj", "{59C097E0-6DB9-4210-A4B5-B2FA78D029FD}"
EndProject
Project("{FAE04EC0-301F-11D3-BF4B-00C04F79EFBC}") = "DAL", "DAL\DAL.csproj", "{3770017E-BE25-482A-8CDB-8AF668E238D8}"
EndProject
Project("{FAE04EC0-301F-11D3-BF4B-00C04F79EFBC}") = "IDAL", "IDAL\IDAL.csproj", "{34DE738F-28B1-40B2-B27C-FD339F8FA5D4}"
EndProject
Global
	GlobalSection(SolutionConfigurationPlatforms) = preSolution
		Debug|Any CPU = Debug|Any CPU
		Release|Any CPU = Release|Any CPU
	EndGlobalSection
	GlobalSection(ProjectConfigurationPlatforms) = postSolution
		{4E3F62C0-9E20-4BF7-AC91-84105B887693}.Debug|Any CPU.ActiveCfg = Debug|Any CPU
		{4E3F62C0-9E20-4BF7-AC91-84105B887693}.Debug|Any CPU.Build.0 = Debug|Any CPU
		{4E3F62C0-9E20-4BF7-AC91-84105B887693}.Release|Any CPU.ActiveCfg = Release|Any CPU
		{4E3F62C0-9E20-4BF7-AC91-84105B887693}.Release|Any CPU.Build.0 = Release|Any CPU
		{BCE0568C-8BBD-4E86-8452-3D773178F977}.Debug|Any CPU.ActiveCfg = Debug|Any CPU
		{BCE0568C-8BBD-4E86-8452-3D773178F977}.Debug|Any CPU.Build.0 = Debug|Any CPU
		{BCE0568C-8BBD-4E86-8452-3D773178F977}.Release|Any CPU.ActiveCfg = Release|Any CPU
		{BCE0568C-8BBD-4E86-8452-3D773178F977}.Release|Any CPU.Build.0 = Release|Any CPU
		{691D0575-CED7-4E18-8BE3-8079CF47FB78}.Debug|Any CPU.ActiveCfg = Debug|Any CPU
		{691D0575-CED7-4E18-8BE3-8079CF47FB78}.Debug|Any CPU.Build.0 = Debug|Any CPU
		{691D0575-CED7-4E18-8BE3-8079CF47FB78}.Release|Any CPU.ActiveCfg = Release|Any CPU
		{691D0575-CED7-4E18-8BE3-8079CF47FB78}.Release|Any CPU.Build.0 = Release|Any CPU
		{2AD66CB1-436A-4636-8257-92F1AFDBC0C0}.Debug|Any CPU.ActiveCfg = Debug|Any CPU
		{2AD66CB1-436A-4636-8257-92F1AFDBC0C0}.Debug|Any CPU.Build.0 = Debug|Any CPU
		{2AD66CB1-436A-4636-8257-92F1AFDBC0C0}.Release|Any CPU.ActiveCfg = Release|Any CPU
		{2AD66CB1-436A-4636-8257-92F1AFDBC0C0}.Release|Any CPU.Build.0 = Release|Any CPU
		{554ADEB0-C168-493F-B20B-3E039C908D49}.Debug|Any CPU.ActiveCfg = Debug|Any CPU
		{554ADEB0-C168-493F-B20B-3E039C908D49}.Debug|Any CPU.Build.0 = Debug|Any CPU
		{554ADEB0-C168-493F-B20B-3E039C908D49}.Release|Any CPU.ActiveCfg = Release|Any CPU
		{554ADEB0-C168-493F-B20B-3E039C908D49}.Release|Any CPU.Build.0 = Release|Any CPU
		{59C097E0-6DB9-4210-A4B5-B2FA78D029FD}.Debug|Any CPU.ActiveCfg = Debug|Any CPU
		{59C097E0-6DB9-4210-A4B5-B2FA78D029FD}.Debug|Any CPU.Build.0 = Debug|Any CPU
		{59C097E0-6DB9-4210-A4B5-B2FA78D029FD}.Release|Any CPU.ActiveCfg = Release|Any CPU
		{59C097E0-6DB9-4210-A4B5-B2FA78D029FD}.Release|Any CPU.Build.0 = Release|Any CPU
		{3770017E-BE25-482A-8CDB-8AF668E238D8}.Debug|Any CPU.ActiveCfg = Debug|Any CPU
		{3770017E-BE25-482A-8CDB-8AF668E238D8}.Debug|Any CPU.Build.0 = Debug|Any CPU
		{3770017E-BE25-482A-8CDB-8AF668E238D8}.Release|Any CPU.ActiveCfg = Release|Any CPU
		{3770017E-BE25-482A-8CDB-8AF668E238D8}.Release|Any CPU.Build.0 = Release|Any CPU
		{34DE738F-28B1-40B2-B27C-FD339F8FA5D4}.Debug|Any CPU.ActiveCfg = Debug|Any CPU
		{34DE738F-28B1-40B2-B27C-FD339F8FA5D4}.Debug|Any CPU.Build.0 = Debug|Any CPU
		{34DE738F-28B1-40B2-B27C-FD339F8FA5D4}.Release|Any CPU.ActiveCfg = Release|Any CPU
		{34DE738F-28B1-40B2-B27C-FD339F8FA5D4}.Release|Any CPU.Build.0 = Release|Any CPU
	EndGlobalSection
	GlobalSection(SolutionProperties) = preSolution
		HideSolutionNode = FALSE
	EndGlobalSection
	GlobalSection(NestedProjects) = preSolution
		{BCE0568C-8BBD-4E86-8452-3D773178F977} = {CC01F340-DFFF-47EF-A35B-B198DBF93B85}
		{691D0575-CED7-4E18-8BE3-8079CF47FB78} = {CC01F340-DFFF-47EF-A35B-B198DBF93B85}
		{2AD66CB1-436A-4636-8257-92F1AFDBC0C0} = {CC01F340-DFFF-47EF-A35B-B198DBF93B85}
		{554ADEB0-C168-493F-B20B-3E039C908D49} = {B10801F7-B630-44BF-9F0F-60B8632E9A0B}
		{59C097E0-6DB9-4210-A4B5-B2FA78D029FD} = {B10801F7-B630-44BF-9F0F-60B8632E9A0B}
		{3770017E-BE25-482A-8CDB-8AF668E238D8} = {C90B9B22-8C8E-4074-B0D1-D69F238A77F6}
		{34DE738F-28B1-40B2-B27C-FD339F8FA5D4} = {C90B9B22-8C8E-4074-B0D1-D69F238A77F6}
	EndGlobalSection
EndGlobal
